hash: 1c2fb68841e4a62048d54923d75952578dc4812d9a5c060b031e7c4d47c4e97e
updated: 2019-07-25T09:30:47.6156196+05:30
imports:
- name: github.com/DataDog/zstd
  version: 2347a397da4ee9c6b8226d4aff82c302d0e52773
- name: github.com/davecgh/go-spew
  version: d8f796af33cc11cb798c1aaeb27a4ebc5099927d
  subpackages:
  - spew
- name: github.com/eapache/go-resiliency
  version: b98ce2825f7276cc41027348986a241ef5d62fd8
  subpackages:
  - breaker
- name: github.com/eapache/go-xerial-snappy
  version: 776d5712da21bc4762676d614db1d8a64f4238b0
- name: github.com/eapache/queue
  version: 093482f3f8ce946c05bcba64badd2c82369e084d
- name: github.com/golang/snappy
  version: 2a8bb927dd31d8daada140a5d09578521ce5c36a
- name: github.com/hashicorp/go-uuid
  version: 4f571afc59f3043a65f8fe6bf46d887b10a01d43
- name: github.com/jcmturner/gofork
  version: dc7c13fece037a4a36e2b3c69db4991498d30692
  subpackages:
  - encoding/asn1
  - x/crypto/pbkdf2
- name: github.com/pierrec/lz4
  version: 057d66e894a4e55853274a3bbbf7de02ba639e43
  subpackages:
  - internal/xxh32
- name: github.com/rcrowley/go-metrics
  version: 9beb055b7962d16947a14e1cd718098a2431e20e
- name: github.com/Shopify/sarama
  version: 46c83074a05474240f9620fb7c70fb0d80ca401a
- name: golang.org/x/crypto
  version: 4def268fd1a49955bfb3dda92fe3db4f924f2285
  subpackages:
  - md4
  - pbkdf2
- name: golang.org/x/net
  version: ca1201d0de80cfde86cb01aea620983605dfe99b
  subpackages:
  - internal/socks
  - proxy
- name: gopkg.in/jcmturner/aescts.v1
  version: f6abebb3171c4c1b1fea279cb7c7325020a26290
- name: gopkg.in/jcmturner/dnsutils.v1
  version: 13eeb8d49ffb74d7a75784c35e4d900607a3943c
- name: gopkg.in/jcmturner/gokrb5.v7
  version: 363118e62befa8a14ff01031c025026077fe5d6d
  subpackages:
  - asn1tools
  - client
  - config
  - credentials
  - crypto
  - crypto/common
  - crypto/etype
  - crypto/rfc3961
  - crypto/rfc3962
  - crypto/rfc4757
  - crypto/rfc8009
  - gssapi
  - iana
  - iana/addrtype
  - iana/adtype
  - iana/asnAppTag
  - iana/chksumtype
  - iana/errorcode
  - iana/etypeID
  - iana/flags
  - iana/keyusage
  - iana/msgtype
  - iana/nametype
  - iana/patype
  - kadmin
  - keytab
  - krberror
  - messages
  - pac
  - types
- name: gopkg.in/jcmturner/rpc.v1
  version: 99a8ce2fbf8b8087b6ed12a37c61b10f04070043
  subpackages:
  - mstypes
  - ndr
testImports: []
